
Microsoft Visual Studio Solution File, Format Version 12.00
# Visual Studio Version 17
VisualStudioVersion = 17.9.34723.18
MinimumVisualStudioVersion = 10.0.40219.1
Project("{FAE04EC0-301F-11D3-BF4B-00C04F79EFBC}") = "B05", "B05\B05.csproj", "{4CEE51D4-2B66-40C7-807F-311B0A222932}"
EndProject
Global
	GlobalSection(SolutionConfigurationPlatforms) = preSolution
		Debug|Any CPU = Debug|Any CPU
		Release|Any CPU = Release|Any CPU
	EndGlobalSection
	GlobalSection(ProjectConfigurationPlatforms) = postSolution
		{4CEE51D4-2B66-40C7-807F-311B0A222932}.Debug|Any CPU.ActiveCfg = Debug|Any CPU
		{4CEE51D4-2B66-40C7-807F-311B0A222932}.Debug|Any CPU.Build.0 = Debug|Any CPU
		{4CEE51D4-2B66-40C7-807F-311B0A222932}.Release|Any CPU.ActiveCfg = Release|Any CPU
		{4CEE51D4-2B66-40C7-807F-311B0A222932}.Release|Any CPU.Build.0 = Release|Any CPU
	EndGlobalSection
	GlobalSection(SolutionProperties) = preSolution
		HideSolutionNode = FALSE
	EndGlobalSection
	GlobalSection(ExtensibilityGlobals) = postSolution
		SolutionGuid = {D9A9AAA4-2C0C-4883-8396-EB1CDFF5806A}
	EndGlobalSection
EndGlobal
